
Microsoft Visual Studio Solution File, Format Version 12.00
# Visual Studio Version 17
VisualStudioVersion = 17.4.33110.190
MinimumVisualStudioVersion = 10.0.40219.1
Project("{FAE04EC0-301F-11D3-BF4B-00C04F79EFBC}") = "ThinkProjects", "ThinkProjects\ThinkProjects.csproj", "{09ECAE1A-B4B6-4D42-B264-2590C7492E25}"
EndProject
Global
	GlobalSection(SolutionConfigurationPlatforms) = preSolution
		Debug|Any CPU = Debug|Any CPU
		Release|Any CPU = Release|Any CPU
	EndGlobalSection
	GlobalSection(ProjectConfigurationPlatforms) = postSolution
		{09ECAE1A-B4B6-4D42-B264-2590C7492E25}.Debug|Any CPU.ActiveCfg = Debug|Any CPU
		{09ECAE1A-B4B6-4D42-B264-2590C7492E25}.Debug|Any CPU.Build.0 = Debug|Any CPU
		{09ECAE1A-B4B6-4D42-B264-2590C7492E25}.Release|Any CPU.ActiveCfg = Release|Any CPU
		{09ECAE1A-B4B6-4D42-B264-2590C7492E25}.Release|Any CPU.Build.0 = Release|Any CPU
	EndGlobalSection
	GlobalSection(SolutionProperties) = preSolution
		HideSolutionNode = FALSE
	EndGlobalSection
	GlobalSection(ExtensibilityGlobals) = postSolution
		SolutionGuid = {78F54A46-5E96-4DF3-8D3D-59E4069A0546}
	EndGlobalSection
EndGlobal
